
Microsoft Visual Studio Solution File, Format Version 12.00
# Visual Studio Version 17
VisualStudioVersion = 17.14.36109.1 d17.14
MinimumVisualStudioVersion = 10.0.40219.1
Project("{FAE04EC0-301F-11D3-BF4B-00C04F79EFBC}") = "DiziYorumProje", "DiziYorumProje\DiziYorumProje.csproj", "{ADC7B26D-628E-41DA-846E-96F2E82A3842}"
EndProject
Global
	GlobalSection(SolutionConfigurationPlatforms) = preSolution
		Debug|Any CPU = Debug|Any CPU
		Release|Any CPU = Release|Any CPU
	EndGlobalSection
	GlobalSection(ProjectConfigurationPlatforms) = postSolution
		{ADC7B26D-628E-41DA-846E-96F2E82A3842}.Debug|Any CPU.ActiveCfg = Debug|Any CPU
		{ADC7B26D-628E-41DA-846E-96F2E82A3842}.Debug|Any CPU.Build.0 = Debug|Any CPU
		{ADC7B26D-628E-41DA-846E-96F2E82A3842}.Release|Any CPU.ActiveCfg = Release|Any CPU
		{ADC7B26D-628E-41DA-846E-96F2E82A3842}.Release|Any CPU.Build.0 = Release|Any CPU
	EndGlobalSection
	GlobalSection(SolutionProperties) = preSolution
		HideSolutionNode = FALSE
	EndGlobalSection
	GlobalSection(ExtensibilityGlobals) = postSolution
		SolutionGuid = {38EEC369-EBB5-4C07-9083-A9EB87FAA648}
	EndGlobalSection
EndGlobal
